version = 1
revision = 3
requires-python = ">=3.13"

[[package]]
name = "annotated-doc"
version = "0.0.4"
source = { registry = "https://nexus.dmi-msk.ru/repository/pypi-dev-group/simple" }
sdist = { url = "https://nexus.dmi-msk.ru/repository/pypi-dev-group/packages/annotated-doc/0.0.4/annotated_doc-0.0.4.tar.gz", hash = "sha256:fbcda96e87e9c92ad167c2e53839e57503ecfda18804ea28102353485033faa4" }
wheels = [
    { url = "https://nexus.dmi-msk.ru/repository/pypi-dev-group/packages/annotated-doc/0.0.4/annotated_doc-0.0.4-py3-none-any.whl", hash = "sha256:571ac1dc6991c450b25a9c2d84a3705e2ae7a53467b5d111c24fa8baabbed320" },
]

[[package]]
name = "annotated-types"
version = "0.7.0"
source = { registry = "https://nexus.dmi-msk.ru/repository/pypi-dev-group/simple" }
sdist = { url = "https://nexus.dmi-msk.ru/repository/pypi-dev-group/packages/annotated-types/0.7.0/annotated_types-0.7.0.tar.gz", hash = "sha256:aff07c09a53a08bc8cfccb9c85b05f1aa9a2a6f23728d790723543408344ce89" }
wheels = [
    { url = "https://nexus.dmi-msk.ru/repository/pypi-dev-group/packages/annotated-types/0.7.0/annotated_types-0.7.0-py3-none-any.whl", hash = "sha256:1f02e8b43a8fbbc3f3e0d4f0f4bfc8131bcb4eebe8849b8e5c773f3a1c582a53" },
]

[[package]]
name = "anyio"
version = "4.12.1"
source = { registry = "https://nexus.dmi-msk.ru/repository/pypi-dev-group/simple" }
dependencies = [
    { name = "idna" },
]
sdist = { url = "https://nexus.dmi-msk.ru/repository/pypi-dev-group/packages/anyio/4.12.1/anyio-4.12.1.tar.gz", hash = "sha256:41cfcc3a4c85d3f05c932da7c26d0201ac36f72abd4435ba90d0464a3ffed703" }
wheels = [
    { url = "https://nexus.dmi-msk.ru/repository/pypi-dev-group/packages/anyio/4.12.1/anyio-4.12.1-py3-none-any.whl", hash = "sha256:d405828884fc140aa80a3c667b8beed277f1dfedec42ba031bd6ac3db606ab6c" },
]

[[package]]
name = "auth-lib"
version = "0.1.0"
source = { editable = "." }
dependencies = [
    { name = "fastapi" },
    { name = "pydantic" },
    { name = "pyjwt" },
]

[package.dev-dependencies]
dev = [
    { name = "httpx" },
    { name = "pytest" },
]

[package.metadata]
requires-dist = [
    { name = "fastapi", specifier = ">=0.100.0" },
    { name = "pydantic", specifier = ">=2.0" },
    { name = "pyjwt", specifier = ">=2.11.0" },
]

[package.metadata.requires-dev]
dev = [
    { name = "httpx", specifier = ">=0.28.0" },
    { name = "pytest", specifier = ">=8.0" },
]

[[package]]
name = "certifi"
version = "2026.2.25"
source = { registry = "https://nexus.dmi-msk.ru/repository/pypi-dev-group/simple" }
sdist = { url = "https://nexus.dmi-msk.ru/repository/pypi-dev-group/packages/certifi/2026.2.25/certifi-2026.2.25.tar.gz", hash = "sha256:e887ab5cee78ea814d3472169153c2d12cd43b14bd03329a39a9c6e2e80bfba7" }
wheels = [
    { url = "https://nexus.dmi-msk.ru/repository/pypi-dev-group/packages/certifi/2026.2.25/certifi-2026.2.25-py3-none-any.whl", hash = "sha256:027692e4402ad994f1c42e52a4997a9763c646b73e4096e4d5d6db8af1d6f0fa" },
]

[[package]]
name = "colorama"
version = "0.4.6"
source = { registry = "https://nexus.dmi-msk.ru/repository/pypi-dev-group/simple" }
sdist = { url = "https://nexus.dmi-msk.ru/repository/pypi-dev-group/packages/colorama/0.4.6/colorama-0.4.6.tar.gz", hash = "sha256:08695f5cb7ed6e0531a20572697297273c47b8cae5a63ffc6d6ed5c201be6e44" }
wheels = [
    { url = "https://nexus.dmi-msk.ru/repository/pypi-dev-group/packages/colorama/0.4.6/colorama-0.4.6-py2.py3-none-any.whl", hash = "sha256:4f1d9991f5acc0ca119f9d443620b77f9d6b33703e51011c16baf57afb285fc6" },
]

[[package]]
name = "fastapi"
version = "0.135.1"
source = { registry = "https://nexus.dmi-msk.ru/repository/pypi-dev-group/simple" }
dependencies = [
    { name = "annotated-doc" },
    { name = "pydantic" },
    { name = "starlette" },
    { name = "typing-extensions" },
    { name = "typing-inspection" },
]
sdist = { url = "https://nexus.dmi-msk.ru/repository/pypi-dev-group/packages/fastapi/0.135.1/fastapi-0.135.1.tar.gz", hash = "sha256:d04115b508d936d254cea545b7312ecaa58a7b3a0f84952535b4c9afae7668cd" }
wheels = [
    { url = "https://nexus.dmi-msk.ru/repository/pypi-dev-group/packages/fastapi/0.135.1/fastapi-0.135.1-py3-none-any.whl", hash = "sha256:46e2fc5745924b7c840f71ddd277382af29ce1cdb7d5eab5bf697e3fb9999c9e" },
]

[[package]]
name = "h11"
version = "0.16.0"
source = { registry = "https://nexus.dmi-msk.ru/repository/pypi-dev-group/simple" }
sdist = { url = "https://nexus.dmi-msk.ru/repository/pypi-dev-group/packages/h11/0.16.0/h11-0.16.0.tar.gz", hash = "sha256:4e35b956cf45792e4caa5885e69fba00bdbc6ffafbfa020300e549b208ee5ff1" }
wheels = [
    { url = "https://nexus.dmi-msk.ru/repository/pypi-dev-group/packages/h11/0.16.0/h11-0.16.0-py3-none-any.whl", hash = "sha256:63cf8bbe7522de3bf65932fda1d9c2772064ffb3dae62d55932da54b31cb6c86" },
]

[[package]]
name = "httpcore"
version = "1.0.9"
source = { registry = "https://nexus.dmi-msk.ru/repository/pypi-dev-group/simple" }
dependencies = [
    { name = "certifi" },
    { name = "h11" },
]
sdist = { url = "https://nexus.dmi-msk.ru/repository/pypi-dev-group/packages/httpcore/1.0.9/httpcore-1.0.9.tar.gz", hash = "sha256:6e34463af53fd2ab5d807f399a9b45ea31c3dfa2276f15a2c3f00afff6e176e8" }
wheels = [
    { url = "https://nexus.dmi-msk.ru/repository/pypi-dev-group/packages/httpcore/1.0.9/httpcore-1.0.9-py3-none-any.whl", hash = "sha256:2d400746a40668fc9dec9810239072b40b4484b640a8c38fd654a024c7a1bf55" },
]

[[package]]
name = "httpx"
version = "0.28.1"
source = { registry = "https://nexus.dmi-msk.ru/repository/pypi-dev-group/simple" }
dependencies = [
    { name = "anyio" },
    { name = "certifi" },
    { name = "httpcore" },
    { name = "idna" },
]
sdist = { url = "https://nexus.dmi-msk.ru/repository/pypi-dev-group/packages/httpx/0.28.1/httpx-0.28.1.tar.gz", hash = "sha256:75e98c5f16b0f35b567856f597f06ff2270a374470a5c2392242528e3e3e42fc" }
wheels = [
    { url = "https://nexus.dmi-msk.ru/repository/pypi-dev-group/packages/httpx/0.28.1/httpx-0.28.1-py3-none-any.whl", hash = "sha256:d909fcccc110f8c7faf814ca82a9a4d816bc5a6dbfea25d6591d6985b8ba59ad" },
]

[[package]]
name = "idna"
version = "3.11"
source = { registry = "https://nexus.dmi-msk.ru/repository/pypi-dev-group/simple" }
sdist = { url = "https://nexus.dmi-msk.ru/repository/pypi-dev-group/packages/idna/3.11/idna-3.11.tar.gz", hash = "sha256:795dafcc9c04ed0c1fb032c2aa73654d8e8c5023a7df64a53f39190ada629902" }
wheels = [
    { url = "https://nexus.dmi-msk.ru/repository/pypi-dev-group/packages/idna/3.11/idna-3.11-py3-none-any.whl", hash = "sha256:771a87f49d9defaf64091e6e6fe9c18d4833f140bd19464795bc32d966ca37ea" },
]

[[package]]
name = "iniconfig"
version = "2.3.0"
source = { registry = "https://nexus.dmi-msk.ru/repository/pypi-dev-group/simple" }
sdist = { url = "https://nexus.dmi-msk.ru/repository/pypi-dev-group/packages/iniconfig/2.3.0/iniconfig-2.3.0.tar.gz", hash = "sha256:c76315c77db068650d49c5b56314774a7804df16fee4402c1f19d6d15d8c4730" }
wheels = [
    { url = "https://nexus.dmi-msk.ru/repository/pypi-dev-group/packages/iniconfig/2.3.0/iniconfig-2.3.0-py3-none-any.whl", hash = "sha256:f631c04d2c48c52b84d0d0549c99ff3859c98df65b3101406327ecc7d53fbf12" },
]

[[package]]
name = "packaging"
version = "26.0"
source = { registry = "https://nexus.dmi-msk.ru/repository/pypi-dev-group/simple" }
sdist = { url = "https://nexus.dmi-msk.ru/repository/pypi-dev-group/packages/packaging/26.0/packaging-26.0.tar.gz", hash = "sha256:00243ae351a257117b6a241061796684b084ed1c516a08c48a3f7e147a9d80b4" }
wheels = [
    { url = "https://nexus.dmi-msk.ru/repository/pypi-dev-group/packages/packaging/26.0/packaging-26.0-py3-none-any.whl", hash = "sha256:b36f1fef9334a5588b4166f8bcd26a14e521f2b55e6b9de3aaa80d3ff7a37529" },
]

[[package]]
name = "pluggy"
version = "1.6.0"
source = { registry = "https://nexus.dmi-msk.ru/repository/pypi-dev-group/simple" }
sdist = { url = "https://nexus.dmi-msk.ru/repository/pypi-dev-group/packages/pluggy/1.6.0/pluggy-1.6.0.tar.gz", hash = "sha256:7dcc130b76258d33b90f61b658791dede3486c3e6bfb003ee5c9bfb396dd22f3" }
wheels = [
    { url = "https://nexus.dmi-msk.ru/repository/pypi-dev-group/packages/pluggy/1.6.0/pluggy-1.6.0-py3-none-any.whl", hash = "sha256:e920276dd6813095e9377c0bc5566d94c932c33b27a3e3945d8389c374dd4746" },
]

[[package]]
name = "pydantic"
version = "2.12.5"
source = { registry = "https://nexus.dmi-msk.ru/repository/pypi-dev-group/simple" }
dependencies = [
    { name = "annotated-types" },
    { name = "pydantic-core" },
    { name = "typing-extensions" },
    { name = "typing-inspection" },
]
sdist = { url = "https://nexus.dmi-msk.ru/repository/pypi-dev-group/packages/pydantic/2.12.5/pydantic-2.12.5.tar.gz", hash = "sha256:4d351024c75c0f085a9febbb665ce8c0c6ec5d30e903bdb6394b7ede26aebb49" }
wheels = [
    { url = "https://nexus.dmi-msk.ru/repository/pypi-dev-group/packages/pydantic/2.12.5/pydantic-2.12.5-py3-none-any.whl", hash = "sha256:e561593fccf61e8a20fc46dfc2dfe075b8be7d0188df33f221ad1f0139180f9d" },
]

[[package]]
name = "pydantic-core"
version = "2.41.5"
source = { registry = "https://nexus.dmi-msk.ru/repository/pypi-dev-group/simple" }
dependencies = [
    { name = "typing-extensions" },
]
sdist = { url = "https://nexus.dmi-msk.ru/repository/pypi-dev-group/packages/pydantic-core/2.41.5/pydantic_core-2.41.5.tar.gz", hash = "sha256:08daa51ea16ad373ffd5e7606252cc32f07bc72b28284b6bc9c6df804816476e" }
wheels = [
    { url = "https://nexus.dmi-msk.ru/repository/pypi-dev-group/packages/pydantic-core/2.41.5/pydantic_core-2.41.5-cp313-cp313-macosx_10_12_x86_64.whl", hash = "sha256:941103c9be18ac8daf7b7adca8228f8ed6bb7a1849020f643b3a14d15b1924d9" },
    { url = "https://nexus.dmi-msk.ru/repository/pypi-dev-group/packages/pydantic-core/2.41.5/pydantic_core-2.41.5-cp313-cp313-macosx_11_0_arm64.whl", hash = "sha256:112e305c3314f40c93998e567879e887a3160bb8689ef3d2c04b6cc62c33ac34" },
    { url = "https://nexus.dmi-msk.ru/repository/pypi-dev-group/packages/pydantic-core/2.41.5/pydantic_core-2.41.5-cp313-cp313-manylinux_2_17_aarch64.manylinux2014_aarch64.whl", hash = "sha256:0cbaad15cb0c90aa221d43c00e77bb33c93e8d36e0bf74760cd00e732d10a6a0" },
    { url = "https://nexus.dmi-msk.ru/repository/pypi-dev-group/packages/pydantic-core/2.41.5/pydantic_core-2.41.5-cp313-cp313-manylinux_2_17_armv7l.manylinux2014_armv7l.whl", hash = "sha256:03ca43e12fab6023fc79d28ca6b39b05f794ad08ec2feccc59a339b02f2b3d33" },
    { url = "https://nexus.dmi-msk.ru/repository/pypi-dev-group/packages/pydantic-core/2.41.5/pydantic_core-2.41.5-cp313-cp313-manylinux_2_17_ppc64le.manylinux2014_ppc64le.whl", hash = "sha256:dc799088c08fa04e43144b164feb0c13f9a0bc40503f8df3e9fde58a3c0c101e" },
    { url = "https://nexus.dmi-msk.ru/repository/pypi-dev-group/packages/pydantic-core/2.41.5/pydantic_core-2.41.5-cp313-cp313-manylinux_2_17_s390x.manylinux2014_s390x.whl", hash = "sha256:97aeba56665b4c3235a0e52b2c2f5ae9cd071b8a8310ad27bddb3f7fb30e9aa2" },
    { url = "https://nexus.dmi-msk.ru/repository/pypi-dev-group/packages/pydantic-core/2.41.5/pydantic_core-2.41.5-cp313-cp313-manylinux_2_17_x86_64.manylinux2014_x86_64.whl", hash = "sha256:406bf18d345822d6c21366031003612b9c77b3e29ffdb0f612367352aab7d586" },
    { url = "https://nexus.dmi-msk.ru/repository/pypi-dev-group/packages/pydantic-core/2.41.5/pydantic_core-2.41.5-cp313-cp313-manylinux_2_5_i686.manylinux1_i686.whl", hash = "sha256:b93590ae81f7010dbe380cdeab6f515902ebcbefe0b9327cc4804d74e93ae69d" },
    { url = "https://nexus.dmi-msk.ru/repository/pypi-dev-group/packages/pydantic-core/2.41.5/pydantic_core-2.41.5-cp313-cp313-musllinux_1_1_aarch64.whl", hash = "sha256:01a3d0ab748ee531f4ea6c3e48ad9dac84ddba4b0d82291f87248f2f9de8d740" },
    { url = "https://nexus.dmi-msk.ru/repository/pypi-dev-group/packages/pydantic-core/2.41.5/pydantic_core-2.41.5-cp313-cp313-musllinux_1_1_armv7l.whl", hash = "sha256:6561e94ba9dacc9c61bce40e2d6bdc3bfaa0259d3ff36ace3b1e6901936d2e3e" },
    { url = "https://nexus.dmi-msk.ru/repository/pypi-dev-group/packages/pydantic-core/2.41.5/pydantic_core-2.41.5-cp313-cp313-musllinux_1_1_x86_64.whl", hash = "sha256:915c3d10f81bec3a74fbd4faebe8391013ba61e5a1a8d48c4455b923bdda7858" },
    { url = "https://nexus.dmi-msk.ru/repository/pypi-dev-group/packages/pydantic-core/2.41.5/pydantic_core-2.41.5-cp313-cp313-win32.whl", hash = "sha256:650ae77860b45cfa6e2cdafc42618ceafab3a2d9a3811fcfbd3bbf8ac3c40d36" },
    { url = "https://nexus.dmi-msk.ru/repository/pypi-dev-group/packages/pydantic-core/2.41.5/pydantic_core-2.41.5-cp313-cp313-win_amd64.whl", hash = "sha256:79ec52ec461e99e13791ec6508c722742ad745571f234ea6255bed38c6480f11" },
    { url = "https://nexus.dmi-msk.ru/repository/pypi-dev-group/packages/pydantic-core/2.41.5/pydantic_core-2.41.5-cp313-cp313-win_arm64.whl", hash = "sha256:3f84d5c1b4ab906093bdc1ff10484838aca54ef08de4afa9de0f5f14d69639cd" },
    { url = "https://nexus.dmi-msk.ru/repository/pypi-dev-group/packages/pydantic-core/2.41.5/pydantic_core-2.41.5-cp314-cp314-macosx_10_12_x86_64.whl", hash = "sha256:3f37a19d7ebcdd20b96485056ba9e8b304e27d9904d233d7b1015db320e51f0a" },
    { url = "https://nexus.dmi-msk.ru/repository/pypi-dev-group/packages/pydantic-core/2.41.5/pydantic_core-2.41.5-cp314-cp314-macosx_11_0_arm64.whl", hash = "sha256:1d1d9764366c73f996edd17abb6d9d7649a7eb690006ab6adbda117717099b14" },
    { url = "https://nexus.dmi-msk.ru/repository/pypi-dev-group/packages/pydantic-core/2.41.5/pydantic_core-2.41.5-cp314-cp314-manylinux_2_17_aarch64.manylinux2014_aarch64.whl", hash = "sha256:25e1c2af0fce638d5f1988b686f3b3ea8cd7de5f244ca147c777769e798a9cd1" },
    { url = "https://nexus.dmi-msk.ru/repository/pypi-dev-group/packages/pydantic-core/2.41.5/pydantic_core-2.41.5-cp314-cp314-manylinux_2_17_armv7l.manylinux2014_armv7l.whl", hash = "sha256:506d766a8727beef16b7adaeb8ee6217c64fc813646b424d0804d67c16eddb66" },
    { url = "https://nexus.dmi-msk.ru/repository/pypi-dev-group/packages/pydantic-core/2.41.5/pydantic_core-2.41.5-cp314-cp314-manylinux_2_17_ppc64le.manylinux2014_ppc64le.whl", hash = "sha256:4819fa52133c9aa3c387b3328f25c1facc356491e6135b459f1de698ff64d869" },
    { url = "https://nexus.dmi-msk.ru/repository/pypi-dev-group/packages/pydantic-core/2.41.5/pydantic_core-2.41.5-cp314-cp314-manylinux_2_17_s390x.manylinux2014_s390x.whl", hash = "sha256:2b761d210c9ea91feda40d25b4efe82a1707da2ef62901466a42492c028553a2" },
    { url = "https://nexus.dmi-msk.ru/repository/pypi-dev-group/packages/pydantic-core/2.41.5/pydantic_core-2.41.5-cp314-cp314-manylinux_2_17_x86_64.manylinux2014_x86_64.whl", hash = "sha256:22f0fb8c1c583a3b6f24df2470833b40207e907b90c928cc8d3594b76f874375" },
    { url = "https://nexus.dmi-msk.ru/repository/pypi-dev-group/packages/pydantic-core/2.41.5/pydantic_core-2.41.5-cp314-cp314-manylinux_2_5_i686.manylinux1_i686.whl", hash = "sha256:2782c870e99878c634505236d81e5443092fba820f0373997ff75f90f68cd553" },
    { url = "https://nexus.dmi-msk.ru/repository/pypi-dev-group/packages/pydantic-core/2.41.5/pydantic_core-2.41.5-cp314-cp314-musllinux_1_1_aarch64.whl", hash = "sha256:0177272f88ab8312479336e1d777f6b124537d47f2123f89cb37e0accea97f90" },
    { url = "https://nexus.dmi-msk.ru/repository/pypi-dev-group/packages/pydantic-core/2.41.5/pydantic_core-2.41.5-cp314-cp314-musllinux_1_1_armv7l.whl", hash = "sha256:63510af5e38f8955b8ee5687740d6ebf7c2a0886d15a6d65c32814613681bc07" },
    { url = "https://nexus.dmi-msk.ru/repository/pypi-dev-group/packages/pydantic-core/2.41.5/pydantic_core-2.41.5-cp314-cp314-musllinux_1_1_x86_64.whl", hash = "sha256:e56ba91f47764cc14f1daacd723e3e82d1a89d783f0f5afe9c364b8bb491ccdb" },
    { url = "https://nexus.dmi-msk.ru/repository/pypi-dev-group/packages/pydantic-core/2.41.5/pydantic_core-2.41.5-cp314-cp314-win32.whl", hash = "sha256:aec5cf2fd867b4ff45b9959f8b20ea3993fc93e63c7363fe6851424c8a7e7c23" },
    { url = "https://nexus.dmi-msk.ru/repository/pypi-dev-group/packages/pydantic-core/2.41.5/pydantic_core-2.41.5-cp314-cp314-win_amd64.whl", hash = "sha256:8e7c86f27c585ef37c35e56a96363ab8de4e549a95512445b85c96d3e2f7c1bf" },
    { url = "https://nexus.dmi-msk.ru/repository/pypi-dev-group/packages/pydantic-core/2.41.5/pydantic_core-2.41.5-cp314-cp314-win_arm64.whl", hash = "sha256:e672ba74fbc2dc8eea59fb6d4aed6845e6905fc2a8afe93175d94a83ba2a01a0" },
    { url = "https://nexus.dmi-msk.ru/repository/pypi-dev-group/packages/pydantic-core/2.41.5/pydantic_core-2.41.5-cp314-cp314t-macosx_10_12_x86_64.whl", hash = "sha256:8566def80554c3faa0e65ac30ab0932b9e3a5cd7f8323764303d468e5c37595a" },
    { url = "https://nexus.dmi-msk.ru/repository/pypi-dev-group/packages/pydantic-core/2.41.5/pydantic_core-2.41.5-cp314-cp314t-macosx_11_0_arm64.whl", hash = "sha256:b80aa5095cd3109962a298ce14110ae16b8c1aece8b72f9dafe81cf597ad80b3" },
    { url = "https://nexus.dmi-msk.ru/repository/pypi-dev-group/packages/pydantic-core/2.41.5/pydantic_core-2.41.5-cp314-cp314t-manylinux_2_17_aarch64.manylinux2014_aarch64.whl", hash = "sha256:3006c3dd9ba34b0c094c544c6006cc79e87d8612999f1a5d43b769b89181f23c" },
    { url = "https://nexus.dmi-msk.ru/repository/pypi-dev-group/packages/pydantic-core/2.41.5/pydantic_core-2.41.5-cp314-cp314t-manylinux_2_17_armv7l.manylinux2014_armv7l.whl", hash = "sha256:72f6c8b11857a856bcfa48c86f5368439f74453563f951e473514579d44aa612" },
    { url = "https://nexus.dmi-msk.ru/repository/pypi-dev-group/packages/pydantic-core/2.41.5/pydantic_core-2.41.5-cp314-cp314t-manylinux_2_17_ppc64le.manylinux2014_ppc64le.whl", hash = "sha256:5cb1b2f9742240e4bb26b652a5aeb840aa4b417c7748b6f8387927bc6e45e40d" },
    { url = "https://nexus.dmi-msk.ru/repository/pypi-dev-group/packages/pydantic-core/2.41.5/pydantic_core-2.41.5-cp314-cp314t-manylinux_2_17_s390x.manylinux2014_s390x.whl", hash = "sha256:bd3d54f38609ff308209bd43acea66061494157703364ae40c951f83ba99a1a9" },
    { url = "https://nexus.dmi-msk.ru/repository/pypi-dev-group/packages/pydantic-core/2.41.5/pydantic_core-2.41.5-cp314-cp314t-manylinux_2_17_x86_64.manylinux2014_x86_64.whl", hash = "sha256:2ff4321e56e879ee8d2a879501c8e469414d948f4aba74a2d4593184eb326660" },
    { url = "https://nexus.dmi-msk.ru/repository/pypi-dev-group/packages/pydantic-core/2.41.5/pydantic_core-2.41.5-cp314-cp314t-manylinux_2_5_i686.manylinux1_i686.whl", hash = "sha256:d0d2568a8c11bf8225044aa94409e21da0cb09dcdafe9ecd10250b2baad531a9" },
    { url = "https://nexus.dmi-msk.ru/repository/pypi-dev-group/packages/pydantic-core/2.41.5/pydantic_core-2.41.5-cp314-cp314t-musllinux_1_1_aarch64.whl", hash = "sha256:a39455728aabd58ceabb03c90e12f71fd30fa69615760a075b9fec596456ccc3" },
    { url = "https://nexus.dmi-msk.ru/repository/pypi-dev-group/packages/pydantic-core/2.41.5/pydantic_core-2.41.5-cp314-cp314t-musllinux_1_1_armv7l.whl", hash = "sha256:239edca560d05757817c13dc17c50766136d21f7cd0fac50295499ae24f90fdf" },
    { url = "https://nexus.dmi-msk.ru/repository/pypi-dev-group/packages/pydantic-core/2.41.5/pydantic_core-2.41.5-cp314-cp314t-musllinux_1_1_x86_64.whl", hash = "sha256:2a5e06546e19f24c6a96a129142a75cee553cc018ffee48a460059b1185f4470" },
    { url = "https://nexus.dmi-msk.ru/repository/pypi-dev-group/packages/pydantic-core/2.41.5/pydantic_core-2.41.5-cp314-cp314t-win32.whl", hash = "sha256:b4ececa40ac28afa90871c2cc2b9ffd2ff0bf749380fbdf57d165fd23da353aa" },
    { url = "https://nexus.dmi-msk.ru/repository/pypi-dev-group/packages/pydantic-core/2.41.5/pydantic_core-2.41.5-cp314-cp314t-win_amd64.whl", hash = "sha256:80aa89cad80b32a912a65332f64a4450ed00966111b6615ca6816153d3585a8c" },
    { url = "https://nexus.dmi-msk.ru/repository/pypi-dev-group/packages/pydantic-core/2.41.5/pydantic_core-2.41.5-cp314-cp314t-win_arm64.whl", hash = "sha256:35b44f37a3199f771c3eaa53051bc8a70cd7b54f333531c59e29fd4db5d15008" },
]

[[package]]
name = "pygments"
version = "2.19.2"
source = { registry = "https://nexus.dmi-msk.ru/repository/pypi-dev-group/simple" }
sdist = { url = "https://nexus.dmi-msk.ru/repository/pypi-dev-group/packages/pygments/2.19.2/pygments-2.19.2.tar.gz", hash = "sha256:636cb2477cec7f8952536970bc533bc43743542f70392ae026374600add5b887" }
wheels = [
    { url = "https://nexus.dmi-msk.ru/repository/pypi-dev-group/packages/pygments/2.19.2/pygments-2.19.2-py3-none-any.whl", hash = "sha256:86540386c03d588bb81d44bc3928634ff26449851e99741617ecb9037ee5ec0b" },
]

[[package]]
name = "pyjwt"
version = "2.11.0"
source = { registry = "https://nexus.dmi-msk.ru/repository/pypi-dev-group/simple" }
sdist = { url = "https://nexus.dmi-msk.ru/repository/pypi-dev-group/packages/pyjwt/2.11.0/pyjwt-2.11.0.tar.gz", hash = "sha256:35f95c1f0fbe5d5ba6e43f00271c275f7a1a4db1dab27bf708073b75318ea623" }
wheels = [
    { url = "https://nexus.dmi-msk.ru/repository/pypi-dev-group/packages/pyjwt/2.11.0/pyjwt-2.11.0-py3-none-any.whl", hash = "sha256:94a6bde30eb5c8e04fee991062b534071fd1439ef58d2adc9ccb823e7bcd0469" },
]

[[package]]
name = "pytest"
version = "9.0.2"
source = { registry = "https://nexus.dmi-msk.ru/repository/pypi-dev-group/simple" }
dependencies = [
    { name = "colorama", marker = "sys_platform == 'win32'" },
    { name = "iniconfig" },
    { name = "packaging" },
    { name = "pluggy" },
    { name = "pygments" },
]
sdist = { url = "https://nexus.dmi-msk.ru/repository/pypi-dev-group/packages/pytest/9.0.2/pytest-9.0.2.tar.gz", hash = "sha256:75186651a92bd89611d1d9fc20f0b4345fd827c41ccd5c299a868a05d70edf11" }
wheels = [
    { url = "https://nexus.dmi-msk.ru/repository/pypi-dev-group/packages/pytest/9.0.2/pytest-9.0.2-py3-none-any.whl", hash = "sha256:711ffd45bf766d5264d487b917733b453d917afd2b0ad65223959f59089f875b" },
]

[[package]]
name = "starlette"
version = "0.52.1"
source = { registry = "https://nexus.dmi-msk.ru/repository/pypi-dev-group/simple" }
dependencies = [
    { name = "anyio" },
]
sdist = { url = "https://nexus.dmi-msk.ru/repository/pypi-dev-group/packages/starlette/0.52.1/starlette-0.52.1.tar.gz", hash = "sha256:834edd1b0a23167694292e94f597773bc3f89f362be6effee198165a35d62933" }
wheels = [
    { url = "https://nexus.dmi-msk.ru/repository/pypi-dev-group/packages/starlette/0.52.1/starlette-0.52.1-py3-none-any.whl", hash = "sha256:0029d43eb3d273bc4f83a08720b4912ea4b071087a3b48db01b7c839f7954d74" },
]

[[package]]
name = "typing-extensions"
version = "4.15.0"
source = { registry = "https://nexus.dmi-msk.ru/repository/pypi-dev-group/simple" }
sdist = { url = "https://nexus.dmi-msk.ru/repository/pypi-dev-group/packages/typing-extensions/4.15.0/typing_extensions-4.15.0.tar.gz", hash = "sha256:0cea48d173cc12fa28ecabc3b837ea3cf6f38c6d1136f85cbaaf598984861466" }
wheels = [
    { url = "https://nexus.dmi-msk.ru/repository/pypi-dev-group/packages/typing-extensions/4.15.0/typing_extensions-4.15.0-py3-none-any.whl", hash = "sha256:f0fa19c6845758ab08074a0cfa8b7aecb71c999ca73d62883bc25cc018c4e548" },
]

[[package]]
name = "typing-inspection"
version = "0.4.2"
source = { registry = "https://nexus.dmi-msk.ru/repository/pypi-dev-group/simple" }
dependencies = [
    { name = "typing-extensions" },
]
sdist = { url = "https://nexus.dmi-msk.ru/repository/pypi-dev-group/packages/typing-inspection/0.4.2/typing_inspection-0.4.2.tar.gz", hash = "sha256:ba561c48a67c5958007083d386c3295464928b01faa735ab8547c5692e87f464" }
wheels = [
    { url = "https://nexus.dmi-msk.ru/repository/pypi-dev-group/packages/typing-inspection/0.4.2/typing_inspection-0.4.2-py3-none-any.whl", hash = "sha256:4ed1cacbdc298c220f1bd249ed5287caa16f34d44ef4e9c3d0cbad5b521545e7" },
]
